
Microsoft Visual Studio Solution File, Format Version 12.00
Project("{FAE04EC0-301F-11D3-BF4B-00C04F79EFBC}") = "Tasohyppelypeli", "Tasohyppelypeli\Tasohyppelypeli.csproj", "{F619E6FF-9D9D-4CB4-9FF4-D71880C2E22B}"
EndProject
Global
	GlobalSection(SolutionConfigurationPlatforms) = preSolution
		Debug|Any CPU = Debug|Any CPU
		Release|Any CPU = Release|Any CPU
	EndGlobalSection
	GlobalSection(ProjectConfigurationPlatforms) = postSolution
		{F619E6FF-9D9D-4CB4-9FF4-D71880C2E22B}.Debug|Any CPU.ActiveCfg = Debug|Any CPU
		{F619E6FF-9D9D-4CB4-9FF4-D71880C2E22B}.Debug|Any CPU.Build.0 = Debug|Any CPU
		{F619E6FF-9D9D-4CB4-9FF4-D71880C2E22B}.Release|Any CPU.ActiveCfg = Release|Any CPU
		{F619E6FF-9D9D-4CB4-9FF4-D71880C2E22B}.Release|Any CPU.Build.0 = Release|Any CPU
	EndGlobalSection
EndGlobal
